
Microsoft Visual Studio Solution File, Format Version 12.00
# Visual Studio 14
VisualStudioVersion = 14.0.23107.0
MinimumVisualStudioVersion = 10.0.40219.1
Project("{FAE04EC0-301F-11D3-BF4B-00C04F79EFBC}") = "MovieWeb", "MovieWeb\MovieWeb.csproj", "{ED97FA8D-B76C-40EC-8593-B2E8483F421C}"
EndProject
Project("{FAE04EC0-301F-11D3-BF4B-00C04F79EFBC}") = "MovieWebAPI", "MovieWebAPI\MovieWebAPI.csproj", "{6B200036-69B6-4B5F-9756-6E1E344F816E}"
EndProject
Global
	GlobalSection(SolutionConfigurationPlatforms) = preSolution
		Debug|Any CPU = Debug|Any CPU
		Release|Any CPU = Release|Any CPU
	EndGlobalSection
	GlobalSection(ProjectConfigurationPlatforms) = postSolution
		{ED97FA8D-B76C-40EC-8593-B2E8483F421C}.Debug|Any CPU.ActiveCfg = Debug|Any CPU
		{ED97FA8D-B76C-40EC-8593-B2E8483F421C}.Debug|Any CPU.Build.0 = Debug|Any CPU
		{ED97FA8D-B76C-40EC-8593-B2E8483F421C}.Release|Any CPU.ActiveCfg = Release|Any CPU
		{ED97FA8D-B76C-40EC-8593-B2E8483F421C}.Release|Any CPU.Build.0 = Release|Any CPU
		{6B200036-69B6-4B5F-9756-6E1E344F816E}.Debug|Any CPU.ActiveCfg = Debug|Any CPU
		{6B200036-69B6-4B5F-9756-6E1E344F816E}.Debug|Any CPU.Build.0 = Debug|Any CPU
		{6B200036-69B6-4B5F-9756-6E1E344F816E}.Release|Any CPU.ActiveCfg = Release|Any CPU
		{6B200036-69B6-4B5F-9756-6E1E344F816E}.Release|Any CPU.Build.0 = Release|Any CPU
	EndGlobalSection
	GlobalSection(SolutionProperties) = preSolution
		HideSolutionNode = FALSE
	EndGlobalSection
EndGlobal
